// !$*UTF8*$!
{
	archiveVersion = 1;
	classes = {
	};
	objectVersion = 77;
	objects = {

/* Begin PBXBuildFile section */
		676E559F2E8DE4F200F22194 /* WristArcana Watch App.app in Embed Watch Content */ = {isa = PBXBuildFile; fileRef = 676E559E2E8DE4F200F22194 /* WristArcana Watch App.app */; settings = {ATTRIBUTES = (RemoveHeadersOnCopy, ); }; };
		676E55A42E8DE4F200F22194 /* WristArcanaApp.swift in Sources */ = {isa = PBXBuildFile; fileRef = 676E55A32E8DE4F200F22194 /* WristArcanaApp.swift */; };
		676E55A62E8DE4F200F22194 /* ContentView.swift in Sources */ = {isa = PBXBuildFile; fileRef = 676E55A52E8DE4F200F22194 /* ContentView.swift */; };
		676E55A82E8DE4F400F22194 /* Assets.xcassets in Resources */ = {isa = PBXBuildFile; fileRef = 676E55A72E8DE4F400F22194 /* Assets.xcassets */; };
		676E55D82E8DE7E200F22194 /* CardPull.swift in Sources */ = {isa = PBXBuildFile; fileRef = 676E55D72E8DE6D100F22194 /* CardPull.swift */; };
		676E55EA2E8DF45900F22194 /* Theme.swift in Sources */ = {isa = PBXBuildFile; fileRef = 676E55E92E8DF45900F22194 /* Theme.swift */; };
		676E55EB2E8DF45900F22194 /* AppConstants.swift in Sources */ = {isa = PBXBuildFile; fileRef = 676E55E82E8DF45900F22194 /* AppConstants.swift */; };
		676E55ED2E8DF47D00F22194 /* DecksData.json in Resources */ = {isa = PBXBuildFile; fileRef = 676E55EC2E8DF47D00F22194 /* DecksData.json */; };
		676E55F22E8DF49000F22194 /* RandomGenerator.swift in Sources */ = {isa = PBXBuildFile; fileRef = 676E55F02E8DF49000F22194 /* RandomGenerator.swift */; };
		676E55F32E8DF49000F22194 /* StorageMonitor.swift in Sources */ = {isa = PBXBuildFile; fileRef = 676E55F12E8DF49000F22194 /* StorageMonitor.swift */; };
		676E55F42E8DF49000F22194 /* Date+Formatting.swift in Sources */ = {isa = PBXBuildFile; fileRef = 676E55EE2E8DF49000F22194 /* Date+Formatting.swift */; };
		676E55F82E8DF4A800F22194 /* HistoryRow.swift in Sources */ = {isa = PBXBuildFile; fileRef = 676E55F72E8DF4A800F22194 /* HistoryRow.swift */; };
		676E55F92E8DF4A800F22194 /* CardImageView.swift in Sources */ = {isa = PBXBuildFile; fileRef = 676E55F52E8DF4A800F22194 /* CardImageView.swift */; };
		676E55FA2E8DF4A800F22194 /* CTAButton.swift in Sources */ = {isa = PBXBuildFile; fileRef = 676E55F62E8DF4A800F22194 /* CTAButton.swift */; };
		676E56002E8DF4B700F22194 /* MainView.swift in Sources */ = {isa = PBXBuildFile; fileRef = 676E55FF2E8DF4B700F22194 /* MainView.swift */; };
		676E56012E8DF4B700F22194 /* HistoryView.swift in Sources */ = {isa = PBXBuildFile; fileRef = 676E55FE2E8DF4B700F22194 /* HistoryView.swift */; };
		676E56022E8DF4B700F22194 /* DeckSelectionView.swift in Sources */ = {isa = PBXBuildFile; fileRef = 676E55FC2E8DF4B700F22194 /* DeckSelectionView.swift */; };
		676E56032E8DF4B700F22194 /* DrawCardView.swift in Sources */ = {isa = PBXBuildFile; fileRef = 676E55FD2E8DF4B700F22194 /* DrawCardView.swift */; };
		676E56042E8DF4B700F22194 /* CardDisplayView.swift in Sources */ = {isa = PBXBuildFile; fileRef = 676E55FB2E8DF4B700F22194 /* CardDisplayView.swift */; };
		676E56082E8DF4C700F22194 /* DeckSelectionViewModel.swift in Sources */ = {isa = PBXBuildFile; fileRef = 676E56062E8DF4C700F22194 /* DeckSelectionViewModel.swift */; };
		676E56092E8DF4C700F22194 /* CardDrawViewModel.swift in Sources */ = {isa = PBXBuildFile; fileRef = 676E56052E8DF4C700F22194 /* CardDrawViewModel.swift */; };
		676E560A2E8DF4C700F22194 /* HistoryViewModel.swift in Sources */ = {isa = PBXBuildFile; fileRef = 676E56072E8DF4C700F22194 /* HistoryViewModel.swift */; };
                676E560E2E8DF4D300F22194 /* DeckRepository.swift in Sources */ = {isa = PBXBuildFile; fileRef = 676E560B2E8DF4D300F22194 /* DeckRepository.swift */; };
                676E560F2E8DF4D300F22194 /* TarotCard.swift in Sources */ = {isa = PBXBuildFile; fileRef = 676E560C2E8DF4D300F22194 /* TarotCard.swift */; };
                676E56102E8DF4D300F22194 /* TarotDeck.swift in Sources */ = {isa = PBXBuildFile; fileRef = 676E560D2E8DF4D300F22194 /* TarotDeck.swift */; };
                676E57122E9A4C000F22194 /* CardRepository.swift in Sources */ = {isa = PBXBuildFile; fileRef = 676E57112E9A4C000F22194 /* CardRepository.swift */; };
                676E57142E9A4C000F22194 /* CardReferenceViewModel.swift in Sources */ = {isa = PBXBuildFile; fileRef = 676E57132E9A4C000F22194 /* CardReferenceViewModel.swift */; };
                676E57162E9A4C000F22194 /* FlowLayout.swift in Sources */ = {isa = PBXBuildFile; fileRef = 676E57152E9A4C000F22194 /* FlowLayout.swift */; };
                676E57182E9A4C000F22194 /* CardReferenceView.swift in Sources */ = {isa = PBXBuildFile; fileRef = 676E57172E9A4C000F22194 /* CardReferenceView.swift */; };
                676E571A2E9A4C000F22194 /* CardListView.swift in Sources */ = {isa = PBXBuildFile; fileRef = 676E57192E9A4C000F22194 /* CardListView.swift */; };
                676E571C2E9A4C000F22194 /* CardReferenceDetailView.swift in Sources */ = {isa = PBXBuildFile; fileRef = 676E571B2E9A4C000F22194 /* CardReferenceDetailView.swift */; };
                676E571E2E9A4C000F22194 /* MockCardRepository.swift in Sources */ = {isa = PBXBuildFile; fileRef = 676E571D2E9A4C000F22194 /* MockCardRepository.swift */; };
                676E57202E9A4C000F22194 /* CardReferenceViewModelTests.swift in Sources */ = {isa = PBXBuildFile; fileRef = 676E571F2E9A4C000F22194 /* CardReferenceViewModelTests.swift */; };
                676E57222E9A4C000F22194 /* CardRepositoryTests.swift in Sources */ = {isa = PBXBuildFile; fileRef = 676E57212E9A4C000F22194 /* CardRepositoryTests.swift */; };
/* End PBXBuildFile section */

/* Begin PBXContainerItemProxy section */
		676E55A02E8DE4F200F22194 /* PBXContainerItemProxy */ = {
			isa = PBXContainerItemProxy;
			containerPortal = 676E55922E8DE4F200F22194 /* Project object */;
			proxyType = 1;
			remoteGlobalIDString = 676E559D2E8DE4F200F22194;
			remoteInfo = "WristArcana Watch App";
		};
		676E55AE2E8DE4F400F22194 /* PBXContainerItemProxy */ = {
			isa = PBXContainerItemProxy;
			containerPortal = 676E55922E8DE4F200F22194 /* Project object */;
			proxyType = 1;
			remoteGlobalIDString = 676E559D2E8DE4F200F22194;
			remoteInfo = "WristArcana Watch App";
		};
		676E55B82E8DE4F400F22194 /* PBXContainerItemProxy */ = {
			isa = PBXContainerItemProxy;
			containerPortal = 676E55922E8DE4F200F22194 /* Project object */;
			proxyType = 1;
			remoteGlobalIDString = 676E559D2E8DE4F200F22194;
			remoteInfo = "WristArcana Watch App";
		};
/* End PBXContainerItemProxy section */

/* Begin PBXCopyFilesBuildPhase section */
		676E55C42E8DE4F400F22194 /* Embed Watch Content */ = {
			isa = PBXCopyFilesBuildPhase;
			buildActionMask = 2147483647;
			dstPath = "$(CONTENTS_FOLDER_PATH)/Watch";
			dstSubfolderSpec = 16;
			files = (
				676E559F2E8DE4F200F22194 /* WristArcana Watch App.app in Embed Watch Content */,
			);
			name = "Embed Watch Content";
			runOnlyForDeploymentPostprocessing = 0;
		};
/* End PBXCopyFilesBuildPhase section */

/* Begin PBXFileReference section */
		676E55982E8DE4F200F22194 /* WristArcana.app */ = {isa = PBXFileReference; explicitFileType = wrapper.application; includeInIndex = 0; path = WristArcana.app; sourceTree = BUILT_PRODUCTS_DIR; };
		676E559E2E8DE4F200F22194 /* WristArcana Watch App.app */ = {isa = PBXFileReference; explicitFileType = wrapper.application; includeInIndex = 0; path = "WristArcana Watch App.app"; sourceTree = BUILT_PRODUCTS_DIR; };
		676E55A32E8DE4F200F22194 /* WristArcanaApp.swift */ = {isa = PBXFileReference; lastKnownFileType = sourcecode.swift; path = WristArcanaApp.swift; sourceTree = "<group>"; };
		676E55A52E8DE4F200F22194 /* ContentView.swift */ = {isa = PBXFileReference; lastKnownFileType = sourcecode.swift; path = ContentView.swift; sourceTree = "<group>"; };
		676E55A72E8DE4F400F22194 /* Assets.xcassets */ = {isa = PBXFileReference; lastKnownFileType = folder.assetcatalog; path = Assets.xcassets; sourceTree = "<group>"; };
		676E55AD2E8DE4F400F22194 /* WristArcana Watch AppTests.xctest */ = {isa = PBXFileReference; explicitFileType = wrapper.cfbundle; includeInIndex = 0; path = "WristArcana Watch AppTests.xctest"; sourceTree = BUILT_PRODUCTS_DIR; };
		676E55B72E8DE4F400F22194 /* WristArcana Watch AppUITests.xctest */ = {isa = PBXFileReference; explicitFileType = wrapper.cfbundle; includeInIndex = 0; path = "WristArcana Watch AppUITests.xctest"; sourceTree = BUILT_PRODUCTS_DIR; };
		676E55D72E8DE6D100F22194 /* CardPull.swift */ = {isa = PBXFileReference; lastKnownFileType = sourcecode.swift; path = CardPull.swift; sourceTree = "<group>"; };
		676E55E82E8DF45900F22194 /* AppConstants.swift */ = {isa = PBXFileReference; lastKnownFileType = sourcecode.swift; path = AppConstants.swift; sourceTree = "<group>"; };
		676E55E92E8DF45900F22194 /* Theme.swift */ = {isa = PBXFileReference; lastKnownFileType = sourcecode.swift; path = Theme.swift; sourceTree = "<group>"; };
		676E55EC2E8DF47D00F22194 /* DecksData.json */ = {isa = PBXFileReference; lastKnownFileType = text.json; path = DecksData.json; sourceTree = "<group>"; };
		676E55EE2E8DF49000F22194 /* Date+Formatting.swift */ = {isa = PBXFileReference; lastKnownFileType = sourcecode.swift; path = "Date+Formatting.swift"; sourceTree = "<group>"; };
		676E55F02E8DF49000F22194 /* RandomGenerator.swift */ = {isa = PBXFileReference; lastKnownFileType = sourcecode.swift; path = RandomGenerator.swift; sourceTree = "<group>"; };
		676E55F12E8DF49000F22194 /* StorageMonitor.swift */ = {isa = PBXFileReference; lastKnownFileType = sourcecode.swift; path = StorageMonitor.swift; sourceTree = "<group>"; };
		676E55F52E8DF4A800F22194 /* CardImageView.swift */ = {isa = PBXFileReference; lastKnownFileType = sourcecode.swift; path = CardImageView.swift; sourceTree = "<group>"; };
		676E55F62E8DF4A800F22194 /* CTAButton.swift */ = {isa = PBXFileReference; lastKnownFileType = sourcecode.swift; path = CTAButton.swift; sourceTree = "<group>"; };
		676E55F72E8DF4A800F22194 /* HistoryRow.swift */ = {isa = PBXFileReference; lastKnownFileType = sourcecode.swift; path = HistoryRow.swift; sourceTree = "<group>"; };
		676E55FB2E8DF4B700F22194 /* CardDisplayView.swift */ = {isa = PBXFileReference; lastKnownFileType = sourcecode.swift; path = CardDisplayView.swift; sourceTree = "<group>"; };
		676E55FC2E8DF4B700F22194 /* DeckSelectionView.swift */ = {isa = PBXFileReference; lastKnownFileType = sourcecode.swift; path = DeckSelectionView.swift; sourceTree = "<group>"; };
		676E55FD2E8DF4B700F22194 /* DrawCardView.swift */ = {isa = PBXFileReference; lastKnownFileType = sourcecode.swift; path = DrawCardView.swift; sourceTree = "<group>"; };
		676E55FE2E8DF4B700F22194 /* HistoryView.swift */ = {isa = PBXFileReference; lastKnownFileType = sourcecode.swift; path = HistoryView.swift; sourceTree = "<group>"; };
		676E55FF2E8DF4B700F22194 /* MainView.swift */ = {isa = PBXFileReference; lastKnownFileType = sourcecode.swift; path = MainView.swift; sourceTree = "<group>"; };
		676E56052E8DF4C700F22194 /* CardDrawViewModel.swift */ = {isa = PBXFileReference; lastKnownFileType = sourcecode.swift; path = CardDrawViewModel.swift; sourceTree = "<group>"; };
		676E56062E8DF4C700F22194 /* DeckSelectionViewModel.swift */ = {isa = PBXFileReference; lastKnownFileType = sourcecode.swift; path = DeckSelectionViewModel.swift; sourceTree = "<group>"; };
		676E56072E8DF4C700F22194 /* HistoryViewModel.swift */ = {isa = PBXFileReference; lastKnownFileType = sourcecode.swift; path = HistoryViewModel.swift; sourceTree = "<group>"; };
                676E560B2E8DF4D300F22194 /* DeckRepository.swift */ = {isa = PBXFileReference; lastKnownFileType = sourcecode.swift; path = DeckRepository.swift; sourceTree = "<group>"; };
                676E560C2E8DF4D300F22194 /* TarotCard.swift */ = {isa = PBXFileReference; lastKnownFileType = sourcecode.swift; path = TarotCard.swift; sourceTree = "<group>"; };
                676E560D2E8DF4D300F22194 /* TarotDeck.swift */ = {isa = PBXFileReference; lastKnownFileType = sourcecode.swift; path = TarotDeck.swift; sourceTree = "<group>"; };
                676E57112E9A4C000F22194 /* CardRepository.swift */ = {isa = PBXFileReference; lastKnownFileType = sourcecode.swift; path = CardRepository.swift; sourceTree = "<group>"; };
                676E57132E9A4C000F22194 /* CardReferenceViewModel.swift */ = {isa = PBXFileReference; lastKnownFileType = sourcecode.swift; path = CardReferenceViewModel.swift; sourceTree = "<group>"; };
                676E57152E9A4C000F22194 /* FlowLayout.swift */ = {isa = PBXFileReference; lastKnownFileType = sourcecode.swift; path = FlowLayout.swift; sourceTree = "<group>"; };
                676E57172E9A4C000F22194 /* CardReferenceView.swift */ = {isa = PBXFileReference; lastKnownFileType = sourcecode.swift; path = CardReferenceView.swift; sourceTree = "<group>"; };
                676E57192E9A4C000F22194 /* CardListView.swift */ = {isa = PBXFileReference; lastKnownFileType = sourcecode.swift; path = CardListView.swift; sourceTree = "<group>"; };
                676E571B2E9A4C000F22194 /* CardReferenceDetailView.swift */ = {isa = PBXFileReference; lastKnownFileType = sourcecode.swift; path = CardReferenceDetailView.swift; sourceTree = "<group>"; };
                676E571D2E9A4C000F22194 /* MockCardRepository.swift */ = {isa = PBXFileReference; lastKnownFileType = sourcecode.swift; path = MockCardRepository.swift; sourceTree = "<group>"; };
                676E571F2E9A4C000F22194 /* CardReferenceViewModelTests.swift */ = {isa = PBXFileReference; lastKnownFileType = sourcecode.swift; path = CardReferenceViewModelTests.swift; sourceTree = "<group>"; };
                676E57212E9A4C000F22194 /* CardRepositoryTests.swift */ = {isa = PBXFileReference; lastKnownFileType = sourcecode.swift; path = CardRepositoryTests.swift; sourceTree = "<group>"; };
/* End PBXFileReference section */

/* Begin PBXFileSystemSynchronizedRootGroup section */
		676E55A22E8DE4F200F22194 /* WristArcana Watch App */ = {
			isa = PBXFileSystemSynchronizedRootGroup;
			path = "WristArcana Watch App";
			sourceTree = "<group>";
		};
		676E55B02E8DE4F400F22194 /* WristArcana Watch AppTests */ = {
			isa = PBXFileSystemSynchronizedRootGroup;
			path = "WristArcana Watch AppTests";
			sourceTree = "<group>";
		};
		676E55BA2E8DE4F400F22194 /* WristArcana Watch AppUITests */ = {
			isa = PBXFileSystemSynchronizedRootGroup;
			path = "WristArcana Watch AppUITests";
			sourceTree = "<group>";
		};
/* End PBXFileSystemSynchronizedRootGroup section */

/* Begin PBXFrameworksBuildPhase section */
		676E559B2E8DE4F200F22194 /* Frameworks */ = {
			isa = PBXFrameworksBuildPhase;
			buildActionMask = 2147483647;
			files = (
			);
			runOnlyForDeploymentPostprocessing = 0;
		};
		676E55AA2E8DE4F400F22194 /* Frameworks */ = {
			isa = PBXFrameworksBuildPhase;
			buildActionMask = 2147483647;
			files = (
			);
			runOnlyForDeploymentPostprocessing = 0;
		};
		676E55B42E8DE4F400F22194 /* Frameworks */ = {
			isa = PBXFrameworksBuildPhase;
			buildActionMask = 2147483647;
			files = (
			);
			runOnlyForDeploymentPostprocessing = 0;
		};
/* End PBXFrameworksBuildPhase section */

/* Begin PBXGroup section */
		676E55912E8DE4F200F22194 = {
			isa = PBXGroup;
			children = (
				676E55D52E8DE5FF00F22194 /* Configuration */,
				676E55D42E8DE5F800F22194 /* Resources */,
				676E55D32E8DE5E600F22194 /* Utilities */,
				676E55D22E8DE5D300F22194 /* Components */,
				676E55D12E8DE5CB00F22194 /* Views */,
				676E55D02E8DE5C200F22194 /* ViewModels */,
				676E55CE2E8DE5A000F22194 /* Models */,
				676E55A22E8DE4F200F22194 /* WristArcana Watch App */,
				676E55B02E8DE4F400F22194 /* WristArcana Watch AppTests */,
				676E55BA2E8DE4F400F22194 /* WristArcana Watch AppUITests */,
				676E55992E8DE4F200F22194 /* Products */,
				676E55A32E8DE4F200F22194 /* WristArcanaApp.swift */,
			);
			sourceTree = "<group>";
		};
		676E55992E8DE4F200F22194 /* Products */ = {
			isa = PBXGroup;
			children = (
				676E55982E8DE4F200F22194 /* WristArcana.app */,
				676E559E2E8DE4F200F22194 /* WristArcana Watch App.app */,
				676E55AD2E8DE4F400F22194 /* WristArcana Watch AppTests.xctest */,
				676E55B72E8DE4F400F22194 /* WristArcana Watch AppUITests.xctest */,
			);
			name = Products;
			sourceTree = "<group>";
		};
                676E55CE2E8DE5A000F22194 /* Models */ = {
                        isa = PBXGroup;
                        children = (
                                676E560B2E8DF4D300F22194 /* DeckRepository.swift */,
                                676E57112E9A4C000F22194 /* CardRepository.swift */,
                                676E560C2E8DF4D300F22194 /* TarotCard.swift */,
                                676E560D2E8DF4D300F22194 /* TarotDeck.swift */,
                                676E55D72E8DE6D100F22194 /* CardPull.swift */,
                        );
                        path = Models;
                        sourceTree = "<group>";
                };
                676E55D02E8DE5C200F22194 /* ViewModels */ = {
                        isa = PBXGroup;
                        children = (
                                676E56052E8DF4C700F22194 /* CardDrawViewModel.swift */,
                                676E56062E8DF4C700F22194 /* DeckSelectionViewModel.swift */,
                                676E56072E8DF4C700F22194 /* HistoryViewModel.swift */,
                                676E57132E9A4C000F22194 /* CardReferenceViewModel.swift */,
                        );
                        path = ViewModels;
                        sourceTree = "<group>";
                };
                676E55D12E8DE5CB00F22194 /* Views */ = {
                        isa = PBXGroup;
                        children = (
                                676E55FB2E8DF4B700F22194 /* CardDisplayView.swift */,
                                676E57172E9A4C000F22194 /* CardReferenceView.swift */,
                                676E57192E9A4C000F22194 /* CardListView.swift */,
                                676E571B2E9A4C000F22194 /* CardReferenceDetailView.swift */,
                                676E55FC2E8DF4B700F22194 /* DeckSelectionView.swift */,
                                676E55FD2E8DF4B700F22194 /* DrawCardView.swift */,
                                676E55FE2E8DF4B700F22194 /* HistoryView.swift */,
                                676E55FF2E8DF4B700F22194 /* MainView.swift */,
                                676E55A52E8DE4F200F22194 /* ContentView.swift */,
			);
			path = Views;
			sourceTree = "<group>";
		};
                676E55D22E8DE5D300F22194 /* Components */ = {
                        isa = PBXGroup;
                        children = (
                                676E55F52E8DF4A800F22194 /* CardImageView.swift */,
                                676E55F62E8DF4A800F22194 /* CTAButton.swift */,
                                676E55F72E8DF4A800F22194 /* HistoryRow.swift */,
                                676E57152E9A4C000F22194 /* FlowLayout.swift */,
                        );
                        path = Components;
                        sourceTree = "<group>";
                };
		676E55D32E8DE5E600F22194 /* Utilities */ = {
			isa = PBXGroup;
			children = (
				676E55EF2E8DF49000F22194 /* Extensions */,
				676E55F02E8DF49000F22194 /* RandomGenerator.swift */,
				676E55F12E8DF49000F22194 /* StorageMonitor.swift */,
			);
			path = Utilities;
			sourceTree = "<group>";
		};
		676E55D42E8DE5F800F22194 /* Resources */ = {
			isa = PBXGroup;
			children = (
				676E55EC2E8DF47D00F22194 /* DecksData.json */,
				676E55A72E8DE4F400F22194 /* Assets.xcassets */,
			);
			path = Resources;
			sourceTree = "<group>";
		};
		676E55D52E8DE5FF00F22194 /* Configuration */ = {
			isa = PBXGroup;
			children = (
				676E55E82E8DF45900F22194 /* AppConstants.swift */,
				676E55E92E8DF45900F22194 /* Theme.swift */,
			);
			path = Configuration;
			sourceTree = "<group>";
		};
		676E55EF2E8DF49000F22194 /* Extensions */ = {
			isa = PBXGroup;
			children = (
				676E55EE2E8DF49000F22194 /* Date+Formatting.swift */,
			);
			path = Extensions;
			sourceTree = "<group>";
		};
/* End PBXGroup section */

/* Begin PBXNativeTarget section */
		676E55972E8DE4F200F22194 /* WristArcana */ = {
			isa = PBXNativeTarget;
			buildConfigurationList = 676E55C52E8DE4F400F22194 /* Build configuration list for PBXNativeTarget "WristArcana" */;
			buildPhases = (
				676E55962E8DE4F200F22194 /* Resources */,
				676E55C42E8DE4F400F22194 /* Embed Watch Content */,
			);
			buildRules = (
			);
			dependencies = (
				676E55A12E8DE4F200F22194 /* PBXTargetDependency */,
			);
			name = WristArcana;
			packageProductDependencies = (
			);
			productName = WristArcana;
			productReference = 676E55982E8DE4F200F22194 /* WristArcana.app */;
			productType = "com.apple.product-type.application.watchapp2-container";
		};
		676E559D2E8DE4F200F22194 /* WristArcana Watch App */ = {
			isa = PBXNativeTarget;
			buildConfigurationList = 676E55C12E8DE4F400F22194 /* Build configuration list for PBXNativeTarget "WristArcana Watch App" */;
			buildPhases = (
				676E559A2E8DE4F200F22194 /* Sources */,
				676E559B2E8DE4F200F22194 /* Frameworks */,
				676E559C2E8DE4F200F22194 /* Resources */,
			);
			buildRules = (
			);
			dependencies = (
			);
			fileSystemSynchronizedGroups = (
				676E55A22E8DE4F200F22194 /* WristArcana Watch App */,
			);
			name = "WristArcana Watch App";
			packageProductDependencies = (
			);
			productName = "WristArcana Watch App";
			productReference = 676E559E2E8DE4F200F22194 /* WristArcana Watch App.app */;
			productType = "com.apple.product-type.application";
		};
		676E55AC2E8DE4F400F22194 /* WristArcana Watch AppTests */ = {
			isa = PBXNativeTarget;
			buildConfigurationList = 676E55C82E8DE4F400F22194 /* Build configuration list for PBXNativeTarget "WristArcana Watch AppTests" */;
			buildPhases = (
				676E55A92E8DE4F400F22194 /* Sources */,
				676E55AA2E8DE4F400F22194 /* Frameworks */,
				676E55AB2E8DE4F400F22194 /* Resources */,
			);
			buildRules = (
			);
			dependencies = (
				676E55AF2E8DE4F400F22194 /* PBXTargetDependency */,
			);
			fileSystemSynchronizedGroups = (
				676E55B02E8DE4F400F22194 /* WristArcana Watch AppTests */,
			);
			name = "WristArcana Watch AppTests";
			packageProductDependencies = (
			);
			productName = "WristArcana Watch AppTests";
			productReference = 676E55AD2E8DE4F400F22194 /* WristArcana Watch AppTests.xctest */;
			productType = "com.apple.product-type.bundle.unit-test";
		};
		676E55B62E8DE4F400F22194 /* WristArcana Watch AppUITests */ = {
			isa = PBXNativeTarget;
			buildConfigurationList = 676E55CB2E8DE4F400F22194 /* Build configuration list for PBXNativeTarget "WristArcana Watch AppUITests" */;
			buildPhases = (
				676E55B32E8DE4F400F22194 /* Sources */,
				676E55B42E8DE4F400F22194 /* Frameworks */,
				676E55B52E8DE4F400F22194 /* Resources */,
			);
			buildRules = (
			);
			dependencies = (
				676E55B92E8DE4F400F22194 /* PBXTargetDependency */,
			);
			fileSystemSynchronizedGroups = (
				676E55BA2E8DE4F400F22194 /* WristArcana Watch AppUITests */,
			);
			name = "WristArcana Watch AppUITests";
			packageProductDependencies = (
			);
			productName = "WristArcana Watch AppUITests";
			productReference = 676E55B72E8DE4F400F22194 /* WristArcana Watch AppUITests.xctest */;
			productType = "com.apple.product-type.bundle.ui-testing";
		};
/* End PBXNativeTarget section */

/* Begin PBXProject section */
		676E55922E8DE4F200F22194 /* Project object */ = {
			isa = PBXProject;
			attributes = {
				BuildIndependentTargetsInParallel = 1;
				LastSwiftUpdateCheck = 1640;
				LastUpgradeCheck = 1640;
				TargetAttributes = {
					676E55972E8DE4F200F22194 = {
						CreatedOnToolsVersion = 16.4;
					};
					676E559D2E8DE4F200F22194 = {
						CreatedOnToolsVersion = 16.4;
					};
					676E55AC2E8DE4F400F22194 = {
						CreatedOnToolsVersion = 16.4;
						TestTargetID = 676E559D2E8DE4F200F22194;
					};
					676E55B62E8DE4F400F22194 = {
						CreatedOnToolsVersion = 16.4;
						TestTargetID = 676E559D2E8DE4F200F22194;
					};
				};
			};
			buildConfigurationList = 676E55952E8DE4F200F22194 /* Build configuration list for PBXProject "WristArcana" */;
			developmentRegion = en;
			hasScannedForEncodings = 0;
			knownRegions = (
				en,
				Base,
			);
			mainGroup = 676E55912E8DE4F200F22194;
			minimizedProjectReferenceProxies = 1;
			preferredProjectObjectVersion = 77;
			productRefGroup = 676E55992E8DE4F200F22194 /* Products */;
			projectDirPath = "";
			projectRoot = "";
			targets = (
				676E55972E8DE4F200F22194 /* WristArcana */,
				676E559D2E8DE4F200F22194 /* WristArcana Watch App */,
				676E55AC2E8DE4F400F22194 /* WristArcana Watch AppTests */,
				676E55B62E8DE4F400F22194 /* WristArcana Watch AppUITests */,
			);
		};
/* End PBXProject section */

/* Begin PBXResourcesBuildPhase section */
		676E55962E8DE4F200F22194 /* Resources */ = {
			isa = PBXResourcesBuildPhase;
			buildActionMask = 2147483647;
			files = (
			);
			runOnlyForDeploymentPostprocessing = 0;
		};
		676E559C2E8DE4F200F22194 /* Resources */ = {
			isa = PBXResourcesBuildPhase;
			buildActionMask = 2147483647;
			files = (
				676E55ED2E8DF47D00F22194 /* DecksData.json in Resources */,
				676E55A82E8DE4F400F22194 /* Assets.xcassets in Resources */,
			);
			runOnlyForDeploymentPostprocessing = 0;
		};
		676E55AB2E8DE4F400F22194 /* Resources */ = {
			isa = PBXResourcesBuildPhase;
			buildActionMask = 2147483647;
			files = (
			);
			runOnlyForDeploymentPostprocessing = 0;
		};
		676E55B52E8DE4F400F22194 /* Resources */ = {
			isa = PBXResourcesBuildPhase;
			buildActionMask = 2147483647;
			files = (
			);
			runOnlyForDeploymentPostprocessing = 0;
		};
/* End PBXResourcesBuildPhase section */

/* Begin PBXSourcesBuildPhase section */
		676E559A2E8DE4F200F22194 /* Sources */ = {
			isa = PBXSourcesBuildPhase;
			buildActionMask = 2147483647;
			files = (
				676E55F22E8DF49000F22194 /* RandomGenerator.swift in Sources */,
				676E55F32E8DF49000F22194 /* StorageMonitor.swift in Sources */,
                                676E55F82E8DF4A800F22194 /* HistoryRow.swift in Sources */,
                                676E57162E9A4C000F22194 /* FlowLayout.swift in Sources */,
                                676E56002E8DF4B700F22194 /* MainView.swift in Sources */,
                                676E57182E9A4C000F22194 /* CardReferenceView.swift in Sources */,
                                676E571A2E9A4C000F22194 /* CardListView.swift in Sources */,
                                676E571C2E9A4C000F22194 /* CardReferenceDetailView.swift in Sources */,
                                676E56012E8DF4B700F22194 /* HistoryView.swift in Sources */,
                                676E56022E8DF4B700F22194 /* DeckSelectionView.swift in Sources */,
                                676E56032E8DF4B700F22194 /* DrawCardView.swift in Sources */,
                                676E56042E8DF4B700F22194 /* CardDisplayView.swift in Sources */,
                                676E55F92E8DF4A800F22194 /* CardImageView.swift in Sources */,
                                676E55FA2E8DF4A800F22194 /* CTAButton.swift in Sources */,
                                676E55F42E8DF49000F22194 /* Date+Formatting.swift in Sources */,
                                676E55EA2E8DF45900F22194 /* Theme.swift in Sources */,
                                676E57122E9A4C000F22194 /* CardRepository.swift in Sources */,
                                676E56082E8DF4C700F22194 /* DeckSelectionViewModel.swift in Sources */,
                                676E56092E8DF4C700F22194 /* CardDrawViewModel.swift in Sources */,
                                676E560A2E8DF4C700F22194 /* HistoryViewModel.swift in Sources */,
                                676E57142E9A4C000F22194 /* CardReferenceViewModel.swift in Sources */,
                                676E55EB2E8DF45900F22194 /* AppConstants.swift in Sources */,
                                676E55D82E8DE7E200F22194 /* CardPull.swift in Sources */,
				676E55A62E8DE4F200F22194 /* ContentView.swift in Sources */,
				676E55A42E8DE4F200F22194 /* WristArcanaApp.swift in Sources */,
				676E560E2E8DF4D300F22194 /* DeckRepository.swift in Sources */,
				676E560F2E8DF4D300F22194 /* TarotCard.swift in Sources */,
				676E56102E8DF4D300F22194 /* TarotDeck.swift in Sources */,
			);
			runOnlyForDeploymentPostprocessing = 0;
		};
                676E55A92E8DE4F400F22194 /* Sources */ = {
                        isa = PBXSourcesBuildPhase;
                        buildActionMask = 2147483647;
                        files = (
                                676E571E2E9A4C000F22194 /* MockCardRepository.swift in Sources */,
                                676E57202E9A4C000F22194 /* CardReferenceViewModelTests.swift in Sources */,
                                676E57222E9A4C000F22194 /* CardRepositoryTests.swift in Sources */,
                        );
                        runOnlyForDeploymentPostprocessing = 0;
                };
		676E55B32E8DE4F400F22194 /* Sources */ = {
			isa = PBXSourcesBuildPhase;
			buildActionMask = 2147483647;
			files = (
			);
			runOnlyForDeploymentPostprocessing = 0;
		};
/* End PBXSourcesBuildPhase section */

/* Begin PBXTargetDependency section */
		676E55A12E8DE4F200F22194 /* PBXTargetDependency */ = {
			isa = PBXTargetDependency;
			target = 676E559D2E8DE4F200F22194 /* WristArcana Watch App */;
			targetProxy = 676E55A02E8DE4F200F22194 /* PBXContainerItemProxy */;
		};
		676E55AF2E8DE4F400F22194 /* PBXTargetDependency */ = {
			isa = PBXTargetDependency;
			target = 676E559D2E8DE4F200F22194 /* WristArcana Watch App */;
			targetProxy = 676E55AE2E8DE4F400F22194 /* PBXContainerItemProxy */;
		};
		676E55B92E8DE4F400F22194 /* PBXTargetDependency */ = {
			isa = PBXTargetDependency;
			target = 676E559D2E8DE4F200F22194 /* WristArcana Watch App */;
			targetProxy = 676E55B82E8DE4F400F22194 /* PBXContainerItemProxy */;
		};
/* End PBXTargetDependency section */

/* Begin XCBuildConfiguration section */
		676E55BF2E8DE4F400F22194 /* Debug */ = {
			isa = XCBuildConfiguration;
			buildSettings = {
				ALWAYS_SEARCH_USER_PATHS = NO;
				ASSETCATALOG_COMPILER_GENERATE_SWIFT_ASSET_SYMBOL_EXTENSIONS = YES;
				CLANG_ANALYZER_NONNULL = YES;
				CLANG_ANALYZER_NUMBER_OBJECT_CONVERSION = YES_AGGRESSIVE;
				CLANG_CXX_LANGUAGE_STANDARD = "gnu++20";
				CLANG_ENABLE_MODULES = YES;
				CLANG_ENABLE_OBJC_ARC = YES;
				CLANG_ENABLE_OBJC_WEAK = YES;
				CLANG_WARN_BLOCK_CAPTURE_AUTORELEASING = YES;
				CLANG_WARN_BOOL_CONVERSION = YES;
				CLANG_WARN_COMMA = YES;
				CLANG_WARN_CONSTANT_CONVERSION = YES;
				CLANG_WARN_DEPRECATED_OBJC_IMPLEMENTATIONS = YES;
				CLANG_WARN_DIRECT_OBJC_ISA_USAGE = YES_ERROR;
				CLANG_WARN_DOCUMENTATION_COMMENTS = YES;
				CLANG_WARN_EMPTY_BODY = YES;
				CLANG_WARN_ENUM_CONVERSION = YES;
				CLANG_WARN_INFINITE_RECURSION = YES;
				CLANG_WARN_INT_CONVERSION = YES;
				CLANG_WARN_NON_LITERAL_NULL_CONVERSION = YES;
				CLANG_WARN_OBJC_IMPLICIT_RETAIN_SELF = YES;
				CLANG_WARN_OBJC_LITERAL_CONVERSION = YES;
				CLANG_WARN_OBJC_ROOT_CLASS = YES_ERROR;
				CLANG_WARN_QUOTED_INCLUDE_IN_FRAMEWORK_HEADER = YES;
				CLANG_WARN_RANGE_LOOP_ANALYSIS = YES;
				CLANG_WARN_STRICT_PROTOTYPES = YES;
				CLANG_WARN_SUSPICIOUS_MOVE = YES;
				CLANG_WARN_UNGUARDED_AVAILABILITY = YES_AGGRESSIVE;
				CLANG_WARN_UNREACHABLE_CODE = YES;
				CLANG_WARN__DUPLICATE_METHOD_MATCH = YES;
				COPY_PHASE_STRIP = NO;
				DEBUG_INFORMATION_FORMAT = dwarf;
				DEVELOPMENT_TEAM = 4YP4K7RFL9;
				ENABLE_STRICT_OBJC_MSGSEND = YES;
				ENABLE_TESTABILITY = YES;
				ENABLE_USER_SCRIPT_SANDBOXING = YES;
				GCC_C_LANGUAGE_STANDARD = gnu17;
				GCC_DYNAMIC_NO_PIC = NO;
				GCC_NO_COMMON_BLOCKS = YES;
				GCC_OPTIMIZATION_LEVEL = 0;
				GCC_PREPROCESSOR_DEFINITIONS = (
					"DEBUG=1",
					"$(inherited)",
				);
				GCC_WARN_64_TO_32_BIT_CONVERSION = YES;
				GCC_WARN_ABOUT_RETURN_TYPE = YES_ERROR;
				GCC_WARN_UNDECLARED_SELECTOR = YES;
				GCC_WARN_UNINITIALIZED_AUTOS = YES_AGGRESSIVE;
				GCC_WARN_UNUSED_FUNCTION = YES;
				GCC_WARN_UNUSED_VARIABLE = YES;
				LOCALIZATION_PREFERS_STRING_CATALOGS = YES;
				MTL_ENABLE_DEBUG_INFO = INCLUDE_SOURCE;
				MTL_FAST_MATH = YES;
				ONLY_ACTIVE_ARCH = YES;
				SWIFT_ACTIVE_COMPILATION_CONDITIONS = "DEBUG $(inherited)";
				SWIFT_OPTIMIZATION_LEVEL = "-Onone";
			};
			name = Debug;
		};
		676E55C02E8DE4F400F22194 /* Release */ = {
			isa = XCBuildConfiguration;
			buildSettings = {
				ALWAYS_SEARCH_USER_PATHS = NO;
				ASSETCATALOG_COMPILER_GENERATE_SWIFT_ASSET_SYMBOL_EXTENSIONS = YES;
				CLANG_ANALYZER_NONNULL = YES;
				CLANG_ANALYZER_NUMBER_OBJECT_CONVERSION = YES_AGGRESSIVE;
				CLANG_CXX_LANGUAGE_STANDARD = "gnu++20";
				CLANG_ENABLE_MODULES = YES;
				CLANG_ENABLE_OBJC_ARC = YES;
				CLANG_ENABLE_OBJC_WEAK = YES;
				CLANG_WARN_BLOCK_CAPTURE_AUTORELEASING = YES;
				CLANG_WARN_BOOL_CONVERSION = YES;
				CLANG_WARN_COMMA = YES;
				CLANG_WARN_CONSTANT_CONVERSION = YES;
				CLANG_WARN_DEPRECATED_OBJC_IMPLEMENTATIONS = YES;
				CLANG_WARN_DIRECT_OBJC_ISA_USAGE = YES_ERROR;
				CLANG_WARN_DOCUMENTATION_COMMENTS = YES;
				CLANG_WARN_EMPTY_BODY = YES;
				CLANG_WARN_ENUM_CONVERSION = YES;
				CLANG_WARN_INFINITE_RECURSION = YES;
				CLANG_WARN_INT_CONVERSION = YES;
				CLANG_WARN_NON_LITERAL_NULL_CONVERSION = YES;
				CLANG_WARN_OBJC_IMPLICIT_RETAIN_SELF = YES;
				CLANG_WARN_OBJC_LITERAL_CONVERSION = YES;
				CLANG_WARN_OBJC_ROOT_CLASS = YES_ERROR;
				CLANG_WARN_QUOTED_INCLUDE_IN_FRAMEWORK_HEADER = YES;
				CLANG_WARN_RANGE_LOOP_ANALYSIS = YES;
				CLANG_WARN_STRICT_PROTOTYPES = YES;
				CLANG_WARN_SUSPICIOUS_MOVE = YES;
				CLANG_WARN_UNGUARDED_AVAILABILITY = YES_AGGRESSIVE;
				CLANG_WARN_UNREACHABLE_CODE = YES;
				CLANG_WARN__DUPLICATE_METHOD_MATCH = YES;
				COPY_PHASE_STRIP = NO;
				DEBUG_INFORMATION_FORMAT = "dwarf-with-dsym";
				DEVELOPMENT_TEAM = 4YP4K7RFL9;
				ENABLE_NS_ASSERTIONS = NO;
				ENABLE_STRICT_OBJC_MSGSEND = YES;
				ENABLE_USER_SCRIPT_SANDBOXING = YES;
				GCC_C_LANGUAGE_STANDARD = gnu17;
				GCC_NO_COMMON_BLOCKS = YES;
				GCC_WARN_64_TO_32_BIT_CONVERSION = YES;
				GCC_WARN_ABOUT_RETURN_TYPE = YES_ERROR;
				GCC_WARN_UNDECLARED_SELECTOR = YES;
				GCC_WARN_UNINITIALIZED_AUTOS = YES_AGGRESSIVE;
				GCC_WARN_UNUSED_FUNCTION = YES;
				GCC_WARN_UNUSED_VARIABLE = YES;
				LOCALIZATION_PREFERS_STRING_CATALOGS = YES;
				MTL_ENABLE_DEBUG_INFO = NO;
				MTL_FAST_MATH = YES;
				SWIFT_COMPILATION_MODE = wholemodule;
			};
			name = Release;
		};
		676E55C22E8DE4F400F22194 /* Debug */ = {
			isa = XCBuildConfiguration;
			buildSettings = {
				ASSETCATALOG_COMPILER_APPICON_NAME = AppIcon;
				ASSETCATALOG_COMPILER_GLOBAL_ACCENT_COLOR_NAME = AccentColor;
				CODE_SIGN_STYLE = Automatic;
				CURRENT_PROJECT_VERSION = 1;
				DEVELOPMENT_TEAM = 4YP4K7RFL9;
				ENABLE_PREVIEWS = YES;
				GENERATE_INFOPLIST_FILE = YES;
				INFOPLIST_KEY_CFBundleDisplayName = WristArcana;
				INFOPLIST_KEY_UISupportedInterfaceOrientations = "UIInterfaceOrientationPortrait UIInterfaceOrientationPortraitUpsideDown";
				INFOPLIST_KEY_WKWatchOnly = YES;
				LD_RUNPATH_SEARCH_PATHS = (
					"$(inherited)",
					"@executable_path/Frameworks",
				);
				MARKETING_VERSION = 1.0;
				PRODUCT_BUNDLE_IDENTIFIER = com.creekmasons.WristArcana.watchkitapp;
				PRODUCT_NAME = "$(TARGET_NAME)";
				SDKROOT = watchos;
				SKIP_INSTALL = YES;
				SWIFT_EMIT_LOC_STRINGS = YES;
				SWIFT_VERSION = 5.0;
				TARGETED_DEVICE_FAMILY = 4;
				WATCHOS_DEPLOYMENT_TARGET = 11.0;
			};
			name = Debug;
		};
		676E55C32E8DE4F400F22194 /* Release */ = {
			isa = XCBuildConfiguration;
			buildSettings = {
				ASSETCATALOG_COMPILER_APPICON_NAME = AppIcon;
				ASSETCATALOG_COMPILER_GLOBAL_ACCENT_COLOR_NAME = AccentColor;
				CODE_SIGN_STYLE = Automatic;
				CURRENT_PROJECT_VERSION = 1;
				DEVELOPMENT_TEAM = 4YP4K7RFL9;
				ENABLE_PREVIEWS = YES;
				GENERATE_INFOPLIST_FILE = YES;
				INFOPLIST_KEY_CFBundleDisplayName = WristArcana;
				INFOPLIST_KEY_UISupportedInterfaceOrientations = "UIInterfaceOrientationPortrait UIInterfaceOrientationPortraitUpsideDown";
				INFOPLIST_KEY_WKWatchOnly = YES;
				LD_RUNPATH_SEARCH_PATHS = (
					"$(inherited)",
					"@executable_path/Frameworks",
				);
				MARKETING_VERSION = 1.0;
				PRODUCT_BUNDLE_IDENTIFIER = com.creekmasons.WristArcana.watchkitapp;
				PRODUCT_NAME = "$(TARGET_NAME)";
				SDKROOT = watchos;
				SKIP_INSTALL = YES;
				SWIFT_EMIT_LOC_STRINGS = YES;
				SWIFT_VERSION = 5.0;
				TARGETED_DEVICE_FAMILY = 4;
				VALIDATE_PRODUCT = YES;
				WATCHOS_DEPLOYMENT_TARGET = 11.0;
			};
			name = Release;
		};
		676E55C62E8DE4F400F22194 /* Debug */ = {
			isa = XCBuildConfiguration;
			buildSettings = {
				CODE_SIGN_STYLE = Automatic;
				CURRENT_PROJECT_VERSION = 1;
				DEVELOPMENT_TEAM = 4YP4K7RFL9;
				INFOPLIST_KEY_CFBundleDisplayName = WristArcana;
				MARKETING_VERSION = 1.0;
				PRODUCT_BUNDLE_IDENTIFIER = com.creekmasons.WristArcana;
				PRODUCT_NAME = "$(TARGET_NAME)";
				SDKROOT = iphoneos;
				SWIFT_VERSION = 5.0;
			};
			name = Debug;
		};
		676E55C72E8DE4F400F22194 /* Release */ = {
			isa = XCBuildConfiguration;
			buildSettings = {
				CODE_SIGN_STYLE = Automatic;
				CURRENT_PROJECT_VERSION = 1;
				DEVELOPMENT_TEAM = 4YP4K7RFL9;
				INFOPLIST_KEY_CFBundleDisplayName = WristArcana;
				MARKETING_VERSION = 1.0;
				PRODUCT_BUNDLE_IDENTIFIER = com.creekmasons.WristArcana;
				PRODUCT_NAME = "$(TARGET_NAME)";
				SDKROOT = iphoneos;
				SWIFT_VERSION = 5.0;
				VALIDATE_PRODUCT = YES;
			};
			name = Release;
		};
		676E55C92E8DE4F400F22194 /* Debug */ = {
			isa = XCBuildConfiguration;
			buildSettings = {
				BUNDLE_LOADER = "$(TEST_HOST)";
				CODE_SIGN_STYLE = Automatic;
				CURRENT_PROJECT_VERSION = 1;
				DEVELOPMENT_TEAM = 4YP4K7RFL9;
				GENERATE_INFOPLIST_FILE = YES;
				MARKETING_VERSION = 1.0;
				PRODUCT_BUNDLE_IDENTIFIER = "com.creekmasons.WristArcana-Watch-AppTests";
				PRODUCT_NAME = "$(TARGET_NAME)";
				SDKROOT = watchos;
				SWIFT_EMIT_LOC_STRINGS = NO;
				SWIFT_VERSION = 5.0;
				TARGETED_DEVICE_FAMILY = 4;
				TEST_HOST = "$(BUILT_PRODUCTS_DIR)/WristArcana Watch App.app/$(BUNDLE_EXECUTABLE_FOLDER_PATH)/WristArcana Watch App";
				WATCHOS_DEPLOYMENT_TARGET = 11.0;
			};
			name = Debug;
		};
		676E55CA2E8DE4F400F22194 /* Release */ = {
			isa = XCBuildConfiguration;
			buildSettings = {
				BUNDLE_LOADER = "$(TEST_HOST)";
				CODE_SIGN_STYLE = Automatic;
				CURRENT_PROJECT_VERSION = 1;
				DEVELOPMENT_TEAM = 4YP4K7RFL9;
				GENERATE_INFOPLIST_FILE = YES;
				MARKETING_VERSION = 1.0;
				PRODUCT_BUNDLE_IDENTIFIER = "com.creekmasons.WristArcana-Watch-AppTests";
				PRODUCT_NAME = "$(TARGET_NAME)";
				SDKROOT = watchos;
				SWIFT_EMIT_LOC_STRINGS = NO;
				SWIFT_VERSION = 5.0;
				TARGETED_DEVICE_FAMILY = 4;
				TEST_HOST = "$(BUILT_PRODUCTS_DIR)/WristArcana Watch App.app/$(BUNDLE_EXECUTABLE_FOLDER_PATH)/WristArcana Watch App";
				VALIDATE_PRODUCT = YES;
				WATCHOS_DEPLOYMENT_TARGET = 11.0;
			};
			name = Release;
		};
		676E55CC2E8DE4F400F22194 /* Debug */ = {
			isa = XCBuildConfiguration;
			buildSettings = {
				CODE_SIGN_STYLE = Automatic;
				CURRENT_PROJECT_VERSION = 1;
				DEVELOPMENT_TEAM = 4YP4K7RFL9;
				GENERATE_INFOPLIST_FILE = YES;
				MARKETING_VERSION = 1.0;
				PRODUCT_BUNDLE_IDENTIFIER = "com.creekmasons.WristArcana-Watch-AppUITests";
				PRODUCT_NAME = "$(TARGET_NAME)";
				SDKROOT = watchos;
				SWIFT_EMIT_LOC_STRINGS = NO;
				SWIFT_VERSION = 5.0;
				TARGETED_DEVICE_FAMILY = 4;
				TEST_TARGET_NAME = "WristArcana Watch App";
				WATCHOS_DEPLOYMENT_TARGET = 11.0;
			};
			name = Debug;
		};
		676E55CD2E8DE4F400F22194 /* Release */ = {
			isa = XCBuildConfiguration;
			buildSettings = {
				CODE_SIGN_STYLE = Automatic;
				CURRENT_PROJECT_VERSION = 1;
				DEVELOPMENT_TEAM = 4YP4K7RFL9;
				GENERATE_INFOPLIST_FILE = YES;
				MARKETING_VERSION = 1.0;
				PRODUCT_BUNDLE_IDENTIFIER = "com.creekmasons.WristArcana-Watch-AppUITests";
				PRODUCT_NAME = "$(TARGET_NAME)";
				SDKROOT = watchos;
				SWIFT_EMIT_LOC_STRINGS = NO;
				SWIFT_VERSION = 5.0;
				TARGETED_DEVICE_FAMILY = 4;
				TEST_TARGET_NAME = "WristArcana Watch App";
				VALIDATE_PRODUCT = YES;
				WATCHOS_DEPLOYMENT_TARGET = 11.0;
			};
			name = Release;
		};
/* End XCBuildConfiguration section */

/* Begin XCConfigurationList section */
		676E55952E8DE4F200F22194 /* Build configuration list for PBXProject "WristArcana" */ = {
			isa = XCConfigurationList;
			buildConfigurations = (
				676E55BF2E8DE4F400F22194 /* Debug */,
				676E55C02E8DE4F400F22194 /* Release */,
			);
			defaultConfigurationIsVisible = 0;
			defaultConfigurationName = Release;
		};
		676E55C12E8DE4F400F22194 /* Build configuration list for PBXNativeTarget "WristArcana Watch App" */ = {
			isa = XCConfigurationList;
			buildConfigurations = (
				676E55C22E8DE4F400F22194 /* Debug */,
				676E55C32E8DE4F400F22194 /* Release */,
			);
			defaultConfigurationIsVisible = 0;
			defaultConfigurationName = Release;
		};
		676E55C52E8DE4F400F22194 /* Build configuration list for PBXNativeTarget "WristArcana" */ = {
			isa = XCConfigurationList;
			buildConfigurations = (
				676E55C62E8DE4F400F22194 /* Debug */,
				676E55C72E8DE4F400F22194 /* Release */,
			);
			defaultConfigurationIsVisible = 0;
			defaultConfigurationName = Release;
		};
		676E55C82E8DE4F400F22194 /* Build configuration list for PBXNativeTarget "WristArcana Watch AppTests" */ = {
			isa = XCConfigurationList;
			buildConfigurations = (
				676E55C92E8DE4F400F22194 /* Debug */,
				676E55CA2E8DE4F400F22194 /* Release */,
			);
			defaultConfigurationIsVisible = 0;
			defaultConfigurationName = Release;
		};
		676E55CB2E8DE4F400F22194 /* Build configuration list for PBXNativeTarget "WristArcana Watch AppUITests" */ = {
			isa = XCConfigurationList;
			buildConfigurations = (
				676E55CC2E8DE4F400F22194 /* Debug */,
				676E55CD2E8DE4F400F22194 /* Release */,
			);
			defaultConfigurationIsVisible = 0;
			defaultConfigurationName = Release;
		};
/* End XCConfigurationList section */
	};
	rootObject = 676E55922E8DE4F200F22194 /* Project object */;
}
